// !$*UTF8*$!
{
	archiveVersion = 1;
	classes = {
	};
	objectVersion = 46;
	objects = {

/* Begin PBXBuildFile section */
		721693DE1AE2EDB800FA5721 /* AppDelegate.swift in Sources */ = {isa = PBXBuildFile; fileRef = 721693DD1AE2EDB800FA5721 /* AppDelegate.swift */; };
		721693E01AE2EDB800FA5721 /* ViewController.swift in Sources */ = {isa = PBXBuildFile; fileRef = 721693DF1AE2EDB800FA5721 /* ViewController.swift */; };
		721693E31AE2EDB800FA5721 /* Main.storyboard in Resources */ = {isa = PBXBuildFile; fileRef = 721693E11AE2EDB800FA5721 /* Main.storyboard */; };
		721693E51AE2EDB800FA5721 /* Images.xcassets in Resources */ = {isa = PBXBuildFile; fileRef = 721693E41AE2EDB800FA5721 /* Images.xcassets */; };
		721693E81AE2EDB800FA5721 /* LaunchScreen.xib in Resources */ = {isa = PBXBuildFile; fileRef = 721693E61AE2EDB800FA5721 /* LaunchScreen.xib */; };
		721693F41AE2EDB800FA5721 /* data_checker_2015_ios_2_0Tests.swift in Sources */ = {isa = PBXBuildFile; fileRef = 721693F31AE2EDB800FA5721 /* data_checker_2015_ios_2_0Tests.swift */; };
		95C434854DA1BAFBC83AD528 /* libPods-data-checker-2015-ios-2.0.a in Frameworks */ = {isa = PBXBuildFile; fileRef = 9EC6BDEC38DB05EE831F17FD /* libPods-data-checker-2015-ios-2.0.a */; };
/* End PBXBuildFile section */

/* Begin PBXContainerItemProxy section */
		721693EE1AE2EDB800FA5721 /* PBXContainerItemProxy */ = {
			isa = PBXContainerItemProxy;
			containerPortal = 721693D01AE2EDB800FA5721 /* Project object */;
			proxyType = 1;
			remoteGlobalIDString = 721693D71AE2EDB800FA5721;
			remoteInfo = "data-checker-2015-ios-2.0";
		};
/* End PBXContainerItemProxy section */

/* Begin PBXFileReference section */
		42D8DF7295CFFC446AE06CBB /* Pods-data-checker-2015-ios-2.0.release.xcconfig */ = {isa = PBXFileReference; includeInIndex = 1; lastKnownFileType = text.xcconfig; name = "Pods-data-checker-2015-ios-2.0.release.xcconfig"; path = "Pods/Target Support Files/Pods-data-checker-2015-ios-2.0/Pods-data-checker-2015-ios-2.0.release.xcconfig"; sourceTree = "<group>"; };
		721693D81AE2EDB800FA5721 /* data-checker-2015-ios-2.0.app */ = {isa = PBXFileReference; explicitFileType = wrapper.application; includeInIndex = 0; path = "data-checker-2015-ios-2.0.app"; sourceTree = BUILT_PRODUCTS_DIR; };
		721693DC1AE2EDB800FA5721 /* Info.plist */ = {isa = PBXFileReference; lastKnownFileType = text.plist.xml; path = Info.plist; sourceTree = "<group>"; };
		721693DD1AE2EDB800FA5721 /* AppDelegate.swift */ = {isa = PBXFileReference; lastKnownFileType = sourcecode.swift; path = AppDelegate.swift; sourceTree = "<group>"; };
		721693DF1AE2EDB800FA5721 /* ViewController.swift */ = {isa = PBXFileReference; lastKnownFileType = sourcecode.swift; path = ViewController.swift; sourceTree = "<group>"; };
		721693E21AE2EDB800FA5721 /* Base */ = {isa = PBXFileReference; lastKnownFileType = file.storyboard; name = Base; path = Base.lproj/Main.storyboard; sourceTree = "<group>"; };
		721693E41AE2EDB800FA5721 /* Images.xcassets */ = {isa = PBXFileReference; lastKnownFileType = folder.assetcatalog; path = Images.xcassets; sourceTree = "<group>"; };
		721693E71AE2EDB800FA5721 /* Base */ = {isa = PBXFileReference; lastKnownFileType = file.xib; name = Base; path = Base.lproj/LaunchScreen.xib; sourceTree = "<group>"; };
		721693ED1AE2EDB800FA5721 /* data-checker-2015-ios-2.0Tests.xctest */ = {isa = PBXFileReference; explicitFileType = wrapper.cfbundle; includeInIndex = 0; path = "data-checker-2015-ios-2.0Tests.xctest"; sourceTree = BUILT_PRODUCTS_DIR; };
		721693F21AE2EDB800FA5721 /* Info.plist */ = {isa = PBXFileReference; lastKnownFileType = text.plist.xml; path = Info.plist; sourceTree = "<group>"; };
		721693F31AE2EDB800FA5721 /* data_checker_2015_ios_2_0Tests.swift */ = {isa = PBXFileReference; lastKnownFileType = sourcecode.swift; path = data_checker_2015_ios_2_0Tests.swift; sourceTree = "<group>"; };
		721693FD1AE2F68000FA5721 /* data-checker-2015-ios-2.0-Bridging-Header.h */ = {isa = PBXFileReference; lastKnownFileType = sourcecode.c.h; path = "data-checker-2015-ios-2.0-Bridging-Header.h"; sourceTree = "<group>"; };
		9EC6BDEC38DB05EE831F17FD /* libPods-data-checker-2015-ios-2.0.a */ = {isa = PBXFileReference; explicitFileType = archive.ar; includeInIndex = 0; path = "libPods-data-checker-2015-ios-2.0.a"; sourceTree = BUILT_PRODUCTS_DIR; };
		D6E6308B791D6DFA8D0CB719 /* Pods-data-checker-2015-ios-2.0.debug.xcconfig */ = {isa = PBXFileReference; includeInIndex = 1; lastKnownFileType = text.xcconfig; name = "Pods-data-checker-2015-ios-2.0.debug.xcconfig"; path = "Pods/Target Support Files/Pods-data-checker-2015-ios-2.0/Pods-data-checker-2015-ios-2.0.debug.xcconfig"; sourceTree = "<group>"; };
/* End PBXFileReference section */

/* Begin PBXFrameworksBuildPhase section */
		721693D51AE2EDB800FA5721 /* Frameworks */ = {
			isa = PBXFrameworksBuildPhase;
			buildActionMask = 2147483647;
			files = (
				95C434854DA1BAFBC83AD528 /* libPods-data-checker-2015-ios-2.0.a in Frameworks */,
			);
			runOnlyForDeploymentPostprocessing = 0;
		};
		721693EA1AE2EDB800FA5721 /* Frameworks */ = {
			isa = PBXFrameworksBuildPhase;
			buildActionMask = 2147483647;
			files = (
			);
			runOnlyForDeploymentPostprocessing = 0;
		};
/* End PBXFrameworksBuildPhase section */

/* Begin PBXGroup section */
		721693CF1AE2EDB800FA5721 = {
			isa = PBXGroup;
			children = (
				721693DA1AE2EDB800FA5721 /* data-checker-2015-ios-2.0 */,
				721693F01AE2EDB800FA5721 /* data-checker-2015-ios-2.0Tests */,
				721693D91AE2EDB800FA5721 /* Products */,
				A5DF28CC62F7D41CB6770F3C /* Pods */,
				F45ACF9651DE7C6760A82F38 /* Frameworks */,
			);
			sourceTree = "<group>";
		};
		721693D91AE2EDB800FA5721 /* Products */ = {
			isa = PBXGroup;
			children = (
				721693D81AE2EDB800FA5721 /* data-checker-2015-ios-2.0.app */,
				721693ED1AE2EDB800FA5721 /* data-checker-2015-ios-2.0Tests.xctest */,
			);
			name = Products;
			sourceTree = "<group>";
		};
		721693DA1AE2EDB800FA5721 /* data-checker-2015-ios-2.0 */ = {
			isa = PBXGroup;
			children = (
				721693DD1AE2EDB800FA5721 /* AppDelegate.swift */,
				721693FD1AE2F68000FA5721 /* data-checker-2015-ios-2.0-Bridging-Header.h */,
				721693DF1AE2EDB800FA5721 /* ViewController.swift */,
				721693E11AE2EDB800FA5721 /* Main.storyboard */,
				721693E41AE2EDB800FA5721 /* Images.xcassets */,
				721693E61AE2EDB800FA5721 /* LaunchScreen.xib */,
				721693DB1AE2EDB800FA5721 /* Supporting Files */,
			);
			path = "data-checker-2015-ios-2.0";
			sourceTree = "<group>";
		};
		721693DB1AE2EDB800FA5721 /* Supporting Files */ = {
			isa = PBXGroup;
			children = (
				721693DC1AE2EDB800FA5721 /* Info.plist */,
			);
			name = "Supporting Files";
			sourceTree = "<group>";
		};
		721693F01AE2EDB800FA5721 /* data-checker-2015-ios-2.0Tests */ = {
			isa = PBXGroup;
			children = (
				721693F31AE2EDB800FA5721 /* data_checker_2015_ios_2_0Tests.swift */,
				721693F11AE2EDB800FA5721 /* Supporting Files */,
			);
			path = "data-checker-2015-ios-2.0Tests";
			sourceTree = "<group>";
		};
		721693F11AE2EDB800FA5721 /* Supporting Files */ = {
			isa = PBXGroup;
			children = (
				721693F21AE2EDB800FA5721 /* Info.plist */,
			);
			name = "Supporting Files";
			sourceTree = "<group>";
		};
		A5DF28CC62F7D41CB6770F3C /* Pods */ = {
			isa = PBXGroup;
			children = (
				D6E6308B791D6DFA8D0CB719 /* Pods-data-checker-2015-ios-2.0.debug.xcconfig */,
				42D8DF7295CFFC446AE06CBB /* Pods-data-checker-2015-ios-2.0.release.xcconfig */,
			);
			name = Pods;
			sourceTree = "<group>";
		};
		F45ACF9651DE7C6760A82F38 /* Frameworks */ = {
			isa = PBXGroup;
			children = (
				9EC6BDEC38DB05EE831F17FD /* libPods-data-checker-2015-ios-2.0.a */,
			);
			name = Frameworks;
			sourceTree = "<group>";
		};
/* End PBXGroup section */

/* Begin PBXNativeTarget section */
		721693D71AE2EDB800FA5721 /* data-checker-2015-ios-2.0 */ = {
			isa = PBXNativeTarget;
			buildConfigurationList = 721693F71AE2EDB800FA5721 /* Build configuration list for PBXNativeTarget "data-checker-2015-ios-2.0" */;
			buildPhases = (
				401993BD08009782EC4F6863 /* Check Pods Manifest.lock */,
				721693D41AE2EDB800FA5721 /* Sources */,
				721693D51AE2EDB800FA5721 /* Frameworks */,
				721693D61AE2EDB800FA5721 /* Resources */,
				6F4F6CCDFA068AA4917E240B /* Copy Pods Resources */,
			);
			buildRules = (
			);
			dependencies = (
			);
			name = "data-checker-2015-ios-2.0";
			productName = "data-checker-2015-ios-2.0";
			productReference = 721693D81AE2EDB800FA5721 /* data-checker-2015-ios-2.0.app */;
			productType = "com.apple.product-type.application";
		};
		721693EC1AE2EDB800FA5721 /* data-checker-2015-ios-2.0Tests */ = {
			isa = PBXNativeTarget;
			buildConfigurationList = 721693FA1AE2EDB800FA5721 /* Build configuration list for PBXNativeTarget "data-checker-2015-ios-2.0Tests" */;
			buildPhases = (
				721693E91AE2EDB800FA5721 /* Sources */,
				721693EA1AE2EDB800FA5721 /* Frameworks */,
				721693EB1AE2EDB800FA5721 /* Resources */,
			);
			buildRules = (
			);
			dependencies = (
				721693EF1AE2EDB800FA5721 /* PBXTargetDependency */,
			);
			name = "data-checker-2015-ios-2.0Tests";
			productName = "data-checker-2015-ios-2.0Tests";
			productReference = 721693ED1AE2EDB800FA5721 /* data-checker-2015-ios-2.0Tests.xctest */;
			productType = "com.apple.product-type.bundle.unit-test";
		};
/* End PBXNativeTarget section */

/* Begin PBXProject section */
		721693D01AE2EDB800FA5721 /* Project object */ = {
			isa = PBXProject;
			attributes = {
				LastUpgradeCheck = 0630;
				ORGANIZATIONNAME = "Citrus Circuits";
				TargetAttributes = {
					721693D71AE2EDB800FA5721 = {
						CreatedOnToolsVersion = 6.3;
					};
					721693EC1AE2EDB800FA5721 = {
						CreatedOnToolsVersion = 6.3;
						TestTargetID = 721693D71AE2EDB800FA5721;
					};
				};
			};
			buildConfigurationList = 721693D31AE2EDB800FA5721 /* Build configuration list for PBXProject "data-checker-2015-ios-2.0" */;
			compatibilityVersion = "Xcode 3.2";
			developmentRegion = English;
			hasScannedForEncodings = 0;
			knownRegions = (
				en,
				Base,
			);
			mainGroup = 721693CF1AE2EDB800FA5721;
			productRefGroup = 721693D91AE2EDB800FA5721 /* Products */;
			projectDirPath = "";
			projectRoot = "";
			targets = (
				721693D71AE2EDB800FA5721 /* data-checker-2015-ios-2.0 */,
				721693EC1AE2EDB800FA5721 /* data-checker-2015-ios-2.0Tests */,
			);
		};
/* End PBXProject section */

/* Begin PBXResourcesBuildPhase section */
		721693D61AE2EDB800FA5721 /* Resources */ = {
			isa = PBXResourcesBuildPhase;
			buildActionMask = 2147483647;
			files = (
				721693E31AE2EDB800FA5721 /* Main.storyboard in Resources */,
				721693E81AE2EDB800FA5721 /* LaunchScreen.xib in Resources */,
				721693E51AE2EDB800FA5721 /* Images.xcassets in Resources */,
			);
			runOnlyForDeploymentPostprocessing = 0;
		};
		721693EB1AE2EDB800FA5721 /* Resources */ = {
			isa = PBXResourcesBuildPhase;
			buildActionMask = 2147483647;
			files = (
			);
			runOnlyForDeploymentPostprocessing = 0;
		};
/* End PBXResourcesBuildPhase section */

/* Begin PBXShellScriptBuildPhase section */
		401993BD08009782EC4F6863 /* Check Pods Manifest.lock */ = {
			isa = PBXShellScriptBuildPhase;
			buildActionMask = 2147483647;
			files = (
			);
			inputPaths = (
			);
			name = "Check Pods Manifest.lock";
			outputPaths = (
			);
			runOnlyForDeploymentPostprocessing = 0;
			shellPath = /bin/sh;
			shellScript = "diff \"${PODS_ROOT}/../Podfile.lock\" \"${PODS_ROOT}/Manifest.lock\" > /dev/null\nif [[ $? != 0 ]] ; then\n    cat << EOM\nerror: The sandbox is not in sync with the Podfile.lock. Run 'pod install' or update your CocoaPods installation.\nEOM\n    exit 1\nfi\n";
			showEnvVarsInLog = 0;
		};
		6F4F6CCDFA068AA4917E240B /* Copy Pods Resources */ = {
			isa = PBXShellScriptBuildPhase;
			buildActionMask = 2147483647;
			files = (
			);
			inputPaths = (
			);
			name = "Copy Pods Resources";
			outputPaths = (
			);
			runOnlyForDeploymentPostprocessing = 0;
			shellPath = /bin/sh;
			shellScript = "\"${SRCROOT}/Pods/Target Support Files/Pods-data-checker-2015-ios-2.0/Pods-data-checker-2015-ios-2.0-resources.sh\"\n";
			showEnvVarsInLog = 0;
		};
/* End PBXShellScriptBuildPhase section */

/* Begin PBXSourcesBuildPhase section */
		721693D41AE2EDB800FA5721 /* Sources */ = {
			isa = PBXSourcesBuildPhase;
			buildActionMask = 2147483647;
			files = (
				721693E01AE2EDB800FA5721 /* ViewController.swift in Sources */,
				721693DE1AE2EDB800FA5721 /* AppDelegate.swift in Sources */,
			);
			runOnlyForDeploymentPostprocessing = 0;
		};
		721693E91AE2EDB800FA5721 /* Sources */ = {
			isa = PBXSourcesBuildPhase;
			buildActionMask = 2147483647;
			files = (
				721693F41AE2EDB800FA5721 /* data_checker_2015_ios_2_0Tests.swift in Sources */,
			);
			runOnlyForDeploymentPostprocessing = 0;
		};
/* End PBXSourcesBuildPhase section */

/* Begin PBXTargetDependency section */
		721693EF1AE2EDB800FA5721 /* PBXTargetDependency */ = {
			isa = PBXTargetDependency;
			target = 721693D71AE2EDB800FA5721 /* data-checker-2015-ios-2.0 */;
			targetProxy = 721693EE1AE2EDB800FA5721 /* PBXContainerItemProxy */;
		};
/* End PBXTargetDependency section */

/* Begin PBXVariantGroup section */
		721693E11AE2EDB800FA5721 /* Main.storyboard */ = {
			isa = PBXVariantGroup;
			children = (
				721693E21AE2EDB800FA5721 /* Base */,
			);
			name = Main.storyboard;
			sourceTree = "<group>";
		};
		721693E61AE2EDB800FA5721 /* LaunchScreen.xib */ = {
			isa = PBXVariantGroup;
			children = (
				721693E71AE2EDB800FA5721 /* Base */,
			);
			name = LaunchScreen.xib;
			sourceTree = "<group>";
		};
/* End PBXVariantGroup section */

/* Begin XCBuildConfiguration section */
		721693F51AE2EDB800FA5721 /* Debug */ = {
			isa = XCBuildConfiguration;
			buildSettings = {
				ALWAYS_SEARCH_USER_PATHS = NO;
				CLANG_CXX_LANGUAGE_STANDARD = "gnu++0x";
				CLANG_CXX_LIBRARY = "libc++";
				CLANG_ENABLE_MODULES = YES;
				CLANG_ENABLE_OBJC_ARC = YES;
				CLANG_WARN_BOOL_CONVERSION = YES;
				CLANG_WARN_CONSTANT_CONVERSION = YES;
				CLANG_WARN_DIRECT_OBJC_ISA_USAGE = YES_ERROR;
				CLANG_WARN_EMPTY_BODY = YES;
				CLANG_WARN_ENUM_CONVERSION = YES;
				CLANG_WARN_INT_CONVERSION = YES;
				CLANG_WARN_OBJC_ROOT_CLASS = YES_ERROR;
				CLANG_WARN_UNREACHABLE_CODE = YES;
				CLANG_WARN__DUPLICATE_METHOD_MATCH = YES;
				"CODE_SIGN_IDENTITY[sdk=iphoneos*]" = "iPhone Developer";
				COPY_PHASE_STRIP = NO;
				DEBUG_INFORMATION_FORMAT = "dwarf-with-dsym";
				ENABLE_STRICT_OBJC_MSGSEND = YES;
				GCC_C_LANGUAGE_STANDARD = gnu99;
				GCC_DYNAMIC_NO_PIC = NO;
				GCC_NO_COMMON_BLOCKS = YES;
				GCC_OPTIMIZATION_LEVEL = 0;
				GCC_PREPROCESSOR_DEFINITIONS = (
					"DEBUG=1",
					"$(inherited)",
				);
				GCC_SYMBOLS_PRIVATE_EXTERN = NO;
				GCC_WARN_64_TO_32_BIT_CONVERSION = YES;
				GCC_WARN_ABOUT_RETURN_TYPE = YES_ERROR;
				GCC_WARN_UNDECLARED_SELECTOR = YES;
				GCC_WARN_UNINITIALIZED_AUTOS = YES_AGGRESSIVE;
				GCC_WARN_UNUSED_FUNCTION = YES;
				GCC_WARN_UNUSED_VARIABLE = YES;
				IPHONEOS_DEPLOYMENT_TARGET = 8.3;
				MTL_ENABLE_DEBUG_INFO = YES;
				ONLY_ACTIVE_ARCH = YES;
				SDKROOT = iphoneos;
				SWIFT_OPTIMIZATION_LEVEL = "-Onone";
			};
			name = Debug;
		};
		721693F61AE2EDB800FA5721 /* Release */ = {
			isa = XCBuildConfiguration;
			buildSettings = {
				ALWAYS_SEARCH_USER_PATHS = NO;
				CLANG_CXX_LANGUAGE_STANDARD = "gnu++0x";
				CLANG_CXX_LIBRARY = "libc++";
				CLANG_ENABLE_MODULES = YES;
				CLANG_ENABLE_OBJC_ARC = YES;
				CLANG_WARN_BOOL_CONVERSION = YES;
				CLANG_WARN_CONSTANT_CONVERSION = YES;
				CLANG_WARN_DIRECT_OBJC_ISA_USAGE = YES_ERROR;
				CLANG_WARN_EMPTY_BODY = YES;
				CLANG_WARN_ENUM_CONVERSION = YES;
				CLANG_WARN_INT_CONVERSION = YES;
				CLANG_WARN_OBJC_ROOT_CLASS = YES_ERROR;
				CLANG_WARN_UNREACHABLE_CODE = YES;
				CLANG_WARN__DUPLICATE_METHOD_MATCH = YES;
				"CODE_SIGN_IDENTITY[sdk=iphoneos*]" = "iPhone Developer";
				COPY_PHASE_STRIP = NO;
				DEBUG_INFORMATION_FORMAT = "dwarf-with-dsym";
				ENABLE_NS_ASSERTIONS = NO;
				ENABLE_STRICT_OBJC_MSGSEND = YES;
				GCC_C_LANGUAGE_STANDARD = gnu99;
				GCC_NO_COMMON_BLOCKS = YES;
				GCC_WARN_64_TO_32_BIT_CONVERSION = YES;
				GCC_WARN_ABOUT_RETURN_TYPE = YES_ERROR;
				GCC_WARN_UNDECLARED_SELECTOR = YES;
				GCC_WARN_UNINITIALIZED_AUTOS = YES_AGGRESSIVE;
				GCC_WARN_UNUSED_FUNCTION = YES;
				GCC_WARN_UNUSED_VARIABLE = YES;
				IPHONEOS_DEPLOYMENT_TARGET = 8.3;
				MTL_ENABLE_DEBUG_INFO = NO;
				SDKROOT = iphoneos;
				VALIDATE_PRODUCT = YES;
			};
			name = Release;
		};
		721693F81AE2EDB800FA5721 /* Debug */ = {
			isa = XCBuildConfiguration;
			baseConfigurationReference = D6E6308B791D6DFA8D0CB719 /* Pods-data-checker-2015-ios-2.0.debug.xcconfig */;
			buildSettings = {
				ASSETCATALOG_COMPILER_APPICON_NAME = AppIcon;
				INFOPLIST_FILE = "data-checker-2015-ios-2.0/Info.plist";
				LD_RUNPATH_SEARCH_PATHS = "$(inherited) @executable_path/Frameworks";
				PRODUCT_NAME = "$(TARGET_NAME)";
				SWIFT_OBJC_BRIDGING_HEADER = "data-checker-2015-ios-2.0/data-checker-2015-ios-2.0-Bridging-Header.h";
			};
			name = Debug;
		};
		721693F91AE2EDB800FA5721 /* Release */ = {
			isa = XCBuildConfiguration;
			baseConfigurationReference = 42D8DF7295CFFC446AE06CBB /* Pods-data-checker-2015-ios-2.0.release.xcconfig */;
			buildSettings = {
				ASSETCATALOG_COMPILER_APPICON_NAME = AppIcon;
				INFOPLIST_FILE = "data-checker-2015-ios-2.0/Info.plist";
				LD_RUNPATH_SEARCH_PATHS = "$(inherited) @executable_path/Frameworks";
				PRODUCT_NAME = "$(TARGET_NAME)";
				SWIFT_OBJC_BRIDGING_HEADER = "data-checker-2015-ios-2.0/data-checker-2015-ios-2.0-Bridging-Header.h";
			};
			name = Release;
		};
		721693FB1AE2EDB800FA5721 /* Debug */ = {
			isa = XCBuildConfiguration;
			buildSettings = {
				BUNDLE_LOADER = "$(TEST_HOST)";
				FRAMEWORK_SEARCH_PATHS = (
					"$(SDKROOT)/Developer/Library/Frameworks",
					"$(inherited)",
				);
				GCC_PREPROCESSOR_DEFINITIONS = (
					"DEBUG=1",
					"$(inherited)",
				);
				INFOPLIST_FILE = "data-checker-2015-ios-2.0Tests/Info.plist";
				LD_RUNPATH_SEARCH_PATHS = "$(inherited) @executable_path/Frameworks @loader_path/Frameworks";
				PRODUCT_NAME = "$(TARGET_NAME)";
				TEST_HOST = "$(BUILT_PRODUCTS_DIR)/data-checker-2015-ios-2.0.app/data-checker-2015-ios-2.0";
			};
			name = Debug;
		};
		721693FC1AE2EDB800FA5721 /* Release */ = {
			isa = XCBuildConfiguration;
			buildSettings = {
				BUNDLE_LOADER = "$(TEST_HOST)";
				FRAMEWORK_SEARCH_PATHS = (
					"$(SDKROOT)/Developer/Library/Frameworks",
					"$(inherited)",
				);
				INFOPLIST_FILE = "data-checker-2015-ios-2.0Tests/Info.plist";
				LD_RUNPATH_SEARCH_PATHS = "$(inherited) @executable_path/Frameworks @loader_path/Frameworks";
				PRODUCT_NAME = "$(TARGET_NAME)";
				TEST_HOST = "$(BUILT_PRODUCTS_DIR)/data-checker-2015-ios-2.0.app/data-checker-2015-ios-2.0";
			};
			name = Release;
		};
/* End XCBuildConfiguration section */

/* Begin XCConfigurationList section */
		721693D31AE2EDB800FA5721 /* Build configuration list for PBXProject "data-checker-2015-ios-2.0" */ = {
			isa = XCConfigurationList;
			buildConfigurations = (
				721693F51AE2EDB800FA5721 /* Debug */,
				721693F61AE2EDB800FA5721 /* Release */,
			);
			defaultConfigurationIsVisible = 0;
			defaultConfigurationName = Release;
		};
		721693F71AE2EDB800FA5721 /* Build configuration list for PBXNativeTarget "data-checker-2015-ios-2.0" */ = {
			isa = XCConfigurationList;
			buildConfigurations = (
				721693F81AE2EDB800FA5721 /* Debug */,
				721693F91AE2EDB800FA5721 /* Release */,
			);
			defaultConfigurationIsVisible = 0;
			defaultConfigurationName = Release;
		};
		721693FA1AE2EDB800FA5721 /* Build configuration list for PBXNativeTarget "data-checker-2015-ios-2.0Tests" */ = {
			isa = XCConfigurationList;
			buildConfigurations = (
				721693FB1AE2EDB800FA5721 /* Debug */,
				721693FC1AE2EDB800FA5721 /* Release */,
			);
			defaultConfigurationIsVisible = 0;
			defaultConfigurationName = Release;
		};
/* End XCConfigurationList section */
	};
	rootObject = 721693D01AE2EDB800FA5721 /* Project object */;
}
